
Microsoft Visual Studio Solution File, Format Version 12.00
# Visual Studio Version 17
VisualStudioVersion = 17.10.34928.147
MinimumVisualStudioVersion = 10.0.40219.1
Project("{FAE04EC0-301F-11D3-BF4B-00C04F79EFBC}") = "UnitTestProject1", "UnitTestProject1\UnitTestProject1.csproj", "{BDC16BA7-CCB6-4F99-BC99-77EF723AAB78}"
EndProject
Project("{FAE04EC0-301F-11D3-BF4B-00C04F79EFBC}") = "WindowsFormsApp1", "WindowsFormsApp1\WindowsFormsApp1.csproj", "{75C5101E-DCB9-4243-9A04-F3A51CC5C9C4}"
EndProject
Global
	GlobalSection(SolutionConfigurationPlatforms) = preSolution
		Debug|Any CPU = Debug|Any CPU
		Release|Any CPU = Release|Any CPU
	EndGlobalSection
	GlobalSection(ProjectConfigurationPlatforms) = postSolution
		{BDC16BA7-CCB6-4F99-BC99-77EF723AAB78}.Debug|Any CPU.ActiveCfg = Debug|Any CPU
		{BDC16BA7-CCB6-4F99-BC99-77EF723AAB78}.Debug|Any CPU.Build.0 = Debug|Any CPU
		{BDC16BA7-CCB6-4F99-BC99-77EF723AAB78}.Release|Any CPU.ActiveCfg = Release|Any CPU
		{BDC16BA7-CCB6-4F99-BC99-77EF723AAB78}.Release|Any CPU.Build.0 = Release|Any CPU
		{75C5101E-DCB9-4243-9A04-F3A51CC5C9C4}.Debug|Any CPU.ActiveCfg = Debug|Any CPU
		{75C5101E-DCB9-4243-9A04-F3A51CC5C9C4}.Debug|Any CPU.Build.0 = Debug|Any CPU
		{75C5101E-DCB9-4243-9A04-F3A51CC5C9C4}.Release|Any CPU.ActiveCfg = Release|Any CPU
		{75C5101E-DCB9-4243-9A04-F3A51CC5C9C4}.Release|Any CPU.Build.0 = Release|Any CPU
	EndGlobalSection
	GlobalSection(SolutionProperties) = preSolution
		HideSolutionNode = FALSE
	EndGlobalSection
	GlobalSection(ExtensibilityGlobals) = postSolution
		SolutionGuid = {ADBD3C9C-EBF5-4BF3-8F38-EFFFBCC37BF6}
	EndGlobalSection
EndGlobal
